
Microsoft Visual Studio Solution File, Format Version 12.00
# Visual Studio Version 16
VisualStudioVersion = 16.0.29728.190
MinimumVisualStudioVersion = 10.0.40219.1
Project("{9A19103F-16F7-4668-BE54-9A1E7A4F7556}") = "FibonacciProject", "FibonacciProject\FibonacciProject.csproj", "{98272B93-A072-4DFA-BA54-DB6187664C29}"
	ProjectSection(ProjectDependencies) = postProject
		{1CD15C59-41FB-4852-8963-FC64B0852E78} = {1CD15C59-41FB-4852-8963-FC64B0852E78}
	EndProjectSection
EndProject
Project("{FAE04EC0-301F-11D3-BF4B-00C04F79EFBC}") = "FibonacciProject.Library", "FibonacciProject.Library\FibonacciProject.Library.csproj", "{1CD15C59-41FB-4852-8963-FC64B0852E78}"
EndProject
Global
	GlobalSection(SolutionConfigurationPlatforms) = preSolution
		Debug|Any CPU = Debug|Any CPU
		Release|Any CPU = Release|Any CPU
	EndGlobalSection
	GlobalSection(ProjectConfigurationPlatforms) = postSolution
		{98272B93-A072-4DFA-BA54-DB6187664C29}.Debug|Any CPU.ActiveCfg = Debug|Any CPU
		{98272B93-A072-4DFA-BA54-DB6187664C29}.Debug|Any CPU.Build.0 = Debug|Any CPU
		{98272B93-A072-4DFA-BA54-DB6187664C29}.Release|Any CPU.ActiveCfg = Release|Any CPU
		{98272B93-A072-4DFA-BA54-DB6187664C29}.Release|Any CPU.Build.0 = Release|Any CPU
		{1CD15C59-41FB-4852-8963-FC64B0852E78}.Debug|Any CPU.ActiveCfg = Debug|Any CPU
		{1CD15C59-41FB-4852-8963-FC64B0852E78}.Debug|Any CPU.Build.0 = Debug|Any CPU
		{1CD15C59-41FB-4852-8963-FC64B0852E78}.Release|Any CPU.ActiveCfg = Release|Any CPU
		{1CD15C59-41FB-4852-8963-FC64B0852E78}.Release|Any CPU.Build.0 = Release|Any CPU
	EndGlobalSection
	GlobalSection(SolutionProperties) = preSolution
		HideSolutionNode = FALSE
	EndGlobalSection
	GlobalSection(ExtensibilityGlobals) = postSolution
		SolutionGuid = {80A20E4D-33AE-4306-B55E-F077F4706919}
	EndGlobalSection
EndGlobal
